
Microsoft Visual Studio Solution File, Format Version 12.00
# Visual Studio Version 17
VisualStudioVersion = 17.3.32929.385
MinimumVisualStudioVersion = 10.0.40219.1
Project("{FAE04EC0-301F-11D3-BF4B-00C04F79EFBC}") = "WPFCreatePay.app", "WPFCreatePay.app.csproj", "{C13B2EB6-57DA-4548-8E23-8419FE530682}"
EndProject
Global
	GlobalSection(SolutionConfigurationPlatforms) = preSolution
		Debug|Any CPU = Debug|Any CPU
		Release|Any CPU = Release|Any CPU
	EndGlobalSection
	GlobalSection(ProjectConfigurationPlatforms) = postSolution
		{C13B2EB6-57DA-4548-8E23-8419FE530682}.Debug|Any CPU.ActiveCfg = Debug|Any CPU
		{C13B2EB6-57DA-4548-8E23-8419FE530682}.Debug|Any CPU.Build.0 = Debug|Any CPU
		{C13B2EB6-57DA-4548-8E23-8419FE530682}.Release|Any CPU.ActiveCfg = Release|Any CPU
		{C13B2EB6-57DA-4548-8E23-8419FE530682}.Release|Any CPU.Build.0 = Release|Any CPU
	EndGlobalSection
	GlobalSection(SolutionProperties) = preSolution
		HideSolutionNode = FALSE
	EndGlobalSection
	GlobalSection(ExtensibilityGlobals) = postSolution
		SolutionGuid = {72248701-C905-4C99-B376-816B7C58256F}
	EndGlobalSection
EndGlobal
